
Microsoft Visual Studio Solution File, Format Version 12.00
# Visual Studio Version 17
VisualStudioVersion = 17.5.002.0
MinimumVisualStudioVersion = 10.0.40219.1
Project("{9A19103F-16F7-4668-BE54-9A1E7A4F7556}") = "Calculator", "Calculator.csproj", "{E37CF2BD-A34D-4F44-9139-308E465F9FB5}"
EndProject
Global
	GlobalSection(SolutionConfigurationPlatforms) = preSolution
		Debug|Any CPU = Debug|Any CPU
		Release|Any CPU = Release|Any CPU
	EndGlobalSection
	GlobalSection(ProjectConfigurationPlatforms) = postSolution
		{E37CF2BD-A34D-4F44-9139-308E465F9FB5}.Debug|Any CPU.ActiveCfg = Debug|Any CPU
		{E37CF2BD-A34D-4F44-9139-308E465F9FB5}.Debug|Any CPU.Build.0 = Debug|Any CPU
		{E37CF2BD-A34D-4F44-9139-308E465F9FB5}.Release|Any CPU.ActiveCfg = Release|Any CPU
		{E37CF2BD-A34D-4F44-9139-308E465F9FB5}.Release|Any CPU.Build.0 = Release|Any CPU
	EndGlobalSection
	GlobalSection(SolutionProperties) = preSolution
		HideSolutionNode = FALSE
	EndGlobalSection
	GlobalSection(ExtensibilityGlobals) = postSolution
		SolutionGuid = {38B3E120-0376-427D-8621-B22FA4F6F9F1}
	EndGlobalSection
EndGlobal
