
Microsoft Visual Studio Solution File, Format Version 12.00
# Visual Studio Version 17
VisualStudioVersion = 17.7.34221.43
MinimumVisualStudioVersion = 10.0.40219.1
Project("{FAE04EC0-301F-11D3-BF4B-00C04F79EFBC}") = "BugLibrary.FuzzerTests", "BugLibrary.FuzzerTests\BugLibrary.FuzzerTests.csproj", "{44F127BB-DA1B-453A-8946-8C09B2D385DE}"
EndProject
Global
	GlobalSection(SolutionConfigurationPlatforms) = preSolution
		Debug|Any CPU = Debug|Any CPU
		Release|Any CPU = Release|Any CPU
	EndGlobalSection
	GlobalSection(ProjectConfigurationPlatforms) = postSolution
		{44F127BB-DA1B-453A-8946-8C09B2D385DE}.Debug|Any CPU.ActiveCfg = Debug|Any CPU
		{44F127BB-DA1B-453A-8946-8C09B2D385DE}.Debug|Any CPU.Build.0 = Debug|Any CPU
		{44F127BB-DA1B-453A-8946-8C09B2D385DE}.Release|Any CPU.ActiveCfg = Release|Any CPU
		{44F127BB-DA1B-453A-8946-8C09B2D385DE}.Release|Any CPU.Build.0 = Release|Any CPU
	EndGlobalSection
	GlobalSection(SolutionProperties) = preSolution
		HideSolutionNode = FALSE
	EndGlobalSection
	GlobalSection(ExtensibilityGlobals) = postSolution
		SolutionGuid = {249D689F-BD99-4C2E-95DE-0EE7BABD6F0F}
	EndGlobalSection
EndGlobal
